// !$*UTF8*$!
{
	archiveVersion = 1;
	classes = {
	};
	objectVersion = 55;
	objects = {

/* Begin PBXBuildFile section */
		F90A2A882950EFD10068E3AA /* TaskModel.swift in Sources */ = {isa = PBXBuildFile; fileRef = F90A2A872950EFD10068E3AA /* TaskModel.swift */; };
		F90A2A8A2950F0FE0068E3AA /* TaskViewModel.swift in Sources */ = {isa = PBXBuildFile; fileRef = F90A2A892950F0FE0068E3AA /* TaskViewModel.swift */; };
		F90A2A8C2950F5A40068E3AA /* DateView.swift in Sources */ = {isa = PBXBuildFile; fileRef = F90A2A8B2950F5A40068E3AA /* DateView.swift */; };
		F90A2A8E295104A20068E3AA /* DatesView.swift in Sources */ = {isa = PBXBuildFile; fileRef = F90A2A8D295104A20068E3AA /* DatesView.swift */; };
		F90A2A90295238250068E3AA /* TaskView.swift in Sources */ = {isa = PBXBuildFile; fileRef = F90A2A8F295238250068E3AA /* TaskView.swift */; };
		F90A2A9229525F830068E3AA /* TaskField.swift in Sources */ = {isa = PBXBuildFile; fileRef = F90A2A9129525F830068E3AA /* TaskField.swift */; };
		F910CF26294DCE9F0042AD94 /* to_do_appApp.swift in Sources */ = {isa = PBXBuildFile; fileRef = F910CF25294DCE9F0042AD94 /* to_do_appApp.swift */; };
		F910CF28294DCE9F0042AD94 /* ContentView.swift in Sources */ = {isa = PBXBuildFile; fileRef = F910CF27294DCE9F0042AD94 /* ContentView.swift */; };
		F910CF2A294DCEA10042AD94 /* Assets.xcassets in Resources */ = {isa = PBXBuildFile; fileRef = F910CF29294DCEA10042AD94 /* Assets.xcassets */; };
		F910CF2D294DCEA10042AD94 /* Preview Assets.xcassets in Resources */ = {isa = PBXBuildFile; fileRef = F910CF2C294DCEA10042AD94 /* Preview Assets.xcassets */; };
		F9CCE888295368E600FD8EB8 /* TasksView.swift in Sources */ = {isa = PBXBuildFile; fileRef = F9CCE887295368E600FD8EB8 /* TasksView.swift */; };
/* End PBXBuildFile section */

/* Begin PBXFileReference section */
		F90A2A872950EFD10068E3AA /* TaskModel.swift */ = {isa = PBXFileReference; lastKnownFileType = sourcecode.swift; path = TaskModel.swift; sourceTree = "<group>"; };
		F90A2A892950F0FE0068E3AA /* TaskViewModel.swift */ = {isa = PBXFileReference; lastKnownFileType = sourcecode.swift; path = TaskViewModel.swift; sourceTree = "<group>"; };
		F90A2A8B2950F5A40068E3AA /* DateView.swift */ = {isa = PBXFileReference; lastKnownFileType = sourcecode.swift; path = DateView.swift; sourceTree = "<group>"; };
		F90A2A8D295104A20068E3AA /* DatesView.swift */ = {isa = PBXFileReference; lastKnownFileType = sourcecode.swift; path = DatesView.swift; sourceTree = "<group>"; };
		F90A2A8F295238250068E3AA /* TaskView.swift */ = {isa = PBXFileReference; lastKnownFileType = sourcecode.swift; path = TaskView.swift; sourceTree = "<group>"; };
		F90A2A9129525F830068E3AA /* TaskField.swift */ = {isa = PBXFileReference; lastKnownFileType = sourcecode.swift; path = TaskField.swift; sourceTree = "<group>"; };
		F910CF22294DCE9F0042AD94 /* to-do-app.app */ = {isa = PBXFileReference; explicitFileType = wrapper.application; includeInIndex = 0; path = "to-do-app.app"; sourceTree = BUILT_PRODUCTS_DIR; };
		F910CF25294DCE9F0042AD94 /* to_do_appApp.swift */ = {isa = PBXFileReference; lastKnownFileType = sourcecode.swift; path = to_do_appApp.swift; sourceTree = "<group>"; };
		F910CF27294DCE9F0042AD94 /* ContentView.swift */ = {isa = PBXFileReference; lastKnownFileType = sourcecode.swift; path = ContentView.swift; sourceTree = "<group>"; };
		F910CF29294DCEA10042AD94 /* Assets.xcassets */ = {isa = PBXFileReference; lastKnownFileType = folder.assetcatalog; path = Assets.xcassets; sourceTree = "<group>"; };
		F910CF2C294DCEA10042AD94 /* Preview Assets.xcassets */ = {isa = PBXFileReference; lastKnownFileType = folder.assetcatalog; path = "Preview Assets.xcassets"; sourceTree = "<group>"; };
		F9CCE887295368E600FD8EB8 /* TasksView.swift */ = {isa = PBXFileReference; lastKnownFileType = sourcecode.swift; path = TasksView.swift; sourceTree = "<group>"; };
/* End PBXFileReference section */

/* Begin PBXFrameworksBuildPhase section */
		F910CF1F294DCE9F0042AD94 /* Frameworks */ = {
			isa = PBXFrameworksBuildPhase;
			buildActionMask = 2147483647;
			files = (
			);
			runOnlyForDeploymentPostprocessing = 0;
		};
/* End PBXFrameworksBuildPhase section */

/* Begin PBXGroup section */
		F910CF19294DCE9F0042AD94 = {
			isa = PBXGroup;
			children = (
				F910CF24294DCE9F0042AD94 /* to-do-app */,
				F910CF23294DCE9F0042AD94 /* Products */,
			);
			sourceTree = "<group>";
		};
		F910CF23294DCE9F0042AD94 /* Products */ = {
			isa = PBXGroup;
			children = (
				F910CF22294DCE9F0042AD94 /* to-do-app.app */,
			);
			name = Products;
			sourceTree = "<group>";
		};
		F910CF24294DCE9F0042AD94 /* to-do-app */ = {
			isa = PBXGroup;
			children = (
				F910CF25294DCE9F0042AD94 /* to_do_appApp.swift */,
				F910CF33294DCEA80042AD94 /* Models */,
				F910CF34294DCEB00042AD94 /* ViewModels */,
				F910CF35294DCEB70042AD94 /* Views */,
				F910CF29294DCEA10042AD94 /* Assets.xcassets */,
				F910CF2B294DCEA10042AD94 /* Preview Content */,
			);
			path = "to-do-app";
			sourceTree = "<group>";
		};
		F910CF2B294DCEA10042AD94 /* Preview Content */ = {
			isa = PBXGroup;
			children = (
				F910CF2C294DCEA10042AD94 /* Preview Assets.xcassets */,
			);
			path = "Preview Content";
			sourceTree = "<group>";
		};
		F910CF33294DCEA80042AD94 /* Models */ = {
			isa = PBXGroup;
			children = (
				F90A2A872950EFD10068E3AA /* TaskModel.swift */,
			);
			path = Models;
			sourceTree = "<group>";
		};
		F910CF34294DCEB00042AD94 /* ViewModels */ = {
			isa = PBXGroup;
			children = (
				F90A2A892950F0FE0068E3AA /* TaskViewModel.swift */,
			);
			path = ViewModels;
			sourceTree = "<group>";
		};
		F910CF35294DCEB70042AD94 /* Views */ = {
			isa = PBXGroup;
			children = (
				F910CF27294DCE9F0042AD94 /* ContentView.swift */,
				F90A2A8B2950F5A40068E3AA /* DateView.swift */,
				F90A2A8D295104A20068E3AA /* DatesView.swift */,
				F9CCE887295368E600FD8EB8 /* TasksView.swift */,
				F90A2A8F295238250068E3AA /* TaskView.swift */,
				F90A2A9129525F830068E3AA /* TaskField.swift */,
			);
			path = Views;
			sourceTree = "<group>";
		};
/* End PBXGroup section */

/* Begin PBXNativeTarget section */
		F910CF21294DCE9F0042AD94 /* to-do-app */ = {
			isa = PBXNativeTarget;
			buildConfigurationList = F910CF30294DCEA10042AD94 /* Build configuration list for PBXNativeTarget "to-do-app" */;
			buildPhases = (
				F910CF1E294DCE9F0042AD94 /* Sources */,
				F910CF1F294DCE9F0042AD94 /* Frameworks */,
				F910CF20294DCE9F0042AD94 /* Resources */,
			);
			buildRules = (
			);
			dependencies = (
			);
			name = "to-do-app";
			productName = "to-do-app";
			productReference = F910CF22294DCE9F0042AD94 /* to-do-app.app */;
			productType = "com.apple.product-type.application";
		};
/* End PBXNativeTarget section */

/* Begin PBXProject section */
		F910CF1A294DCE9F0042AD94 /* Project object */ = {
			isa = PBXProject;
			attributes = {
				BuildIndependentTargetsInParallel = 1;
				LastSwiftUpdateCheck = 1330;
				LastUpgradeCheck = 1330;
				TargetAttributes = {
					F910CF21294DCE9F0042AD94 = {
						CreatedOnToolsVersion = 13.3.1;
					};
				};
			};
			buildConfigurationList = F910CF1D294DCE9F0042AD94 /* Build configuration list for PBXProject "to-do-app" */;
			compatibilityVersion = "Xcode 13.0";
			developmentRegion = en;
			hasScannedForEncodings = 0;
			knownRegions = (
				en,
				Base,
			);
			mainGroup = F910CF19294DCE9F0042AD94;
			productRefGroup = F910CF23294DCE9F0042AD94 /* Products */;
			projectDirPath = "";
			projectRoot = "";
			targets = (
				F910CF21294DCE9F0042AD94 /* to-do-app */,
			);
		};
/* End PBXProject section */

/* Begin PBXResourcesBuildPhase section */
		F910CF20294DCE9F0042AD94 /* Resources */ = {
			isa = PBXResourcesBuildPhase;
			buildActionMask = 2147483647;
			files = (
				F910CF2D294DCEA10042AD94 /* Preview Assets.xcassets in Resources */,
				F910CF2A294DCEA10042AD94 /* Assets.xcassets in Resources */,
			);
			runOnlyForDeploymentPostprocessing = 0;
		};
/* End PBXResourcesBuildPhase section */

/* Begin PBXSourcesBuildPhase section */
		F910CF1E294DCE9F0042AD94 /* Sources */ = {
			isa = PBXSourcesBuildPhase;
			buildActionMask = 2147483647;
			files = (
				F90A2A8E295104A20068E3AA /* DatesView.swift in Sources */,
				F9CCE888295368E600FD8EB8 /* TasksView.swift in Sources */,
				F90A2A9229525F830068E3AA /* TaskField.swift in Sources */,
				F90A2A90295238250068E3AA /* TaskView.swift in Sources */,
				F90A2A8C2950F5A40068E3AA /* DateView.swift in Sources */,
				F90A2A882950EFD10068E3AA /* TaskModel.swift in Sources */,
				F90A2A8A2950F0FE0068E3AA /* TaskViewModel.swift in Sources */,
				F910CF28294DCE9F0042AD94 /* ContentView.swift in Sources */,
				F910CF26294DCE9F0042AD94 /* to_do_appApp.swift in Sources */,
			);
			runOnlyForDeploymentPostprocessing = 0;
		};
/* End PBXSourcesBuildPhase section */

/* Begin XCBuildConfiguration section */
		F910CF2E294DCEA10042AD94 /* Debug */ = {
			isa = XCBuildConfiguration;
			buildSettings = {
				ALWAYS_SEARCH_USER_PATHS = NO;
				CLANG_ANALYZER_NONNULL = YES;
				CLANG_ANALYZER_NUMBER_OBJECT_CONVERSION = YES_AGGRESSIVE;
				CLANG_CXX_LANGUAGE_STANDARD = "gnu++17";
				CLANG_ENABLE_MODULES = YES;
				CLANG_ENABLE_OBJC_ARC = YES;
				CLANG_ENABLE_OBJC_WEAK = YES;
				CLANG_WARN_BLOCK_CAPTURE_AUTORELEASING = YES;
				CLANG_WARN_BOOL_CONVERSION = YES;
				CLANG_WARN_COMMA = YES;
				CLANG_WARN_CONSTANT_CONVERSION = YES;
				CLANG_WARN_DEPRECATED_OBJC_IMPLEMENTATIONS = YES;
				CLANG_WARN_DIRECT_OBJC_ISA_USAGE = YES_ERROR;
				CLANG_WARN_DOCUMENTATION_COMMENTS = YES;
				CLANG_WARN_EMPTY_BODY = YES;
				CLANG_WARN_ENUM_CONVERSION = YES;
				CLANG_WARN_INFINITE_RECURSION = YES;
				CLANG_WARN_INT_CONVERSION = YES;
				CLANG_WARN_NON_LITERAL_NULL_CONVERSION = YES;
				CLANG_WARN_OBJC_IMPLICIT_RETAIN_SELF = YES;
				CLANG_WARN_OBJC_LITERAL_CONVERSION = YES;
				CLANG_WARN_OBJC_ROOT_CLASS = YES_ERROR;
				CLANG_WARN_QUOTED_INCLUDE_IN_FRAMEWORK_HEADER = YES;
				CLANG_WARN_RANGE_LOOP_ANALYSIS = YES;
				CLANG_WARN_STRICT_PROTOTYPES = YES;
				CLANG_WARN_SUSPICIOUS_MOVE = YES;
				CLANG_WARN_UNGUARDED_AVAILABILITY = YES_AGGRESSIVE;
				CLANG_WARN_UNREACHABLE_CODE = YES;
				CLANG_WARN__DUPLICATE_METHOD_MATCH = YES;
				COPY_PHASE_STRIP = NO;
				DEBUG_INFORMATION_FORMAT = dwarf;
				ENABLE_STRICT_OBJC_MSGSEND = YES;
				ENABLE_TESTABILITY = YES;
				GCC_C_LANGUAGE_STANDARD = gnu11;
				GCC_DYNAMIC_NO_PIC = NO;
				GCC_NO_COMMON_BLOCKS = YES;
				GCC_OPTIMIZATION_LEVEL = 0;
				GCC_PREPROCESSOR_DEFINITIONS = (
					"DEBUG=1",
					"$(inherited)",
				);
				GCC_WARN_64_TO_32_BIT_CONVERSION = YES;
				GCC_WARN_ABOUT_RETURN_TYPE = YES_ERROR;
				GCC_WARN_UNDECLARED_SELECTOR = YES;
				GCC_WARN_UNINITIALIZED_AUTOS = YES_AGGRESSIVE;
				GCC_WARN_UNUSED_FUNCTION = YES;
				GCC_WARN_UNUSED_VARIABLE = YES;
				IPHONEOS_DEPLOYMENT_TARGET = 15.4;
				MTL_ENABLE_DEBUG_INFO = INCLUDE_SOURCE;
				MTL_FAST_MATH = YES;
				ONLY_ACTIVE_ARCH = YES;
				SDKROOT = iphoneos;
				SWIFT_ACTIVE_COMPILATION_CONDITIONS = DEBUG;
				SWIFT_OPTIMIZATION_LEVEL = "-Onone";
			};
			name = Debug;
		};
		F910CF2F294DCEA10042AD94 /* Release */ = {
			isa = XCBuildConfiguration;
			buildSettings = {
				ALWAYS_SEARCH_USER_PATHS = NO;
				CLANG_ANALYZER_NONNULL = YES;
				CLANG_ANALYZER_NUMBER_OBJECT_CONVERSION = YES_AGGRESSIVE;
				CLANG_CXX_LANGUAGE_STANDARD = "gnu++17";
				CLANG_ENABLE_MODULES = YES;
				CLANG_ENABLE_OBJC_ARC = YES;
				CLANG_ENABLE_OBJC_WEAK = YES;
				CLANG_WARN_BLOCK_CAPTURE_AUTORELEASING = YES;
				CLANG_WARN_BOOL_CONVERSION = YES;
				CLANG_WARN_COMMA = YES;
				CLANG_WARN_CONSTANT_CONVERSION = YES;
				CLANG_WARN_DEPRECATED_OBJC_IMPLEMENTATIONS = YES;
				CLANG_WARN_DIRECT_OBJC_ISA_USAGE = YES_ERROR;
				CLANG_WARN_DOCUMENTATION_COMMENTS = YES;
				CLANG_WARN_EMPTY_BODY = YES;
				CLANG_WARN_ENUM_CONVERSION = YES;
				CLANG_WARN_INFINITE_RECURSION = YES;
				CLANG_WARN_INT_CONVERSION = YES;
				CLANG_WARN_NON_LITERAL_NULL_CONVERSION = YES;
				CLANG_WARN_OBJC_IMPLICIT_RETAIN_SELF = YES;
				CLANG_WARN_OBJC_LITERAL_CONVERSION = YES;
				CLANG_WARN_OBJC_ROOT_CLASS = YES_ERROR;
				CLANG_WARN_QUOTED_INCLUDE_IN_FRAMEWORK_HEADER = YES;
				CLANG_WARN_RANGE_LOOP_ANALYSIS = YES;
				CLANG_WARN_STRICT_PROTOTYPES = YES;
				CLANG_WARN_SUSPICIOUS_MOVE = YES;
				CLANG_WARN_UNGUARDED_AVAILABILITY = YES_AGGRESSIVE;
				CLANG_WARN_UNREACHABLE_CODE = YES;
				CLANG_WARN__DUPLICATE_METHOD_MATCH = YES;
				COPY_PHASE_STRIP = NO;
				DEBUG_INFORMATION_FORMAT = "dwarf-with-dsym";
				ENABLE_NS_ASSERTIONS = NO;
				ENABLE_STRICT_OBJC_MSGSEND = YES;
				GCC_C_LANGUAGE_STANDARD = gnu11;
				GCC_NO_COMMON_BLOCKS = YES;
				GCC_WARN_64_TO_32_BIT_CONVERSION = YES;
				GCC_WARN_ABOUT_RETURN_TYPE = YES_ERROR;
				GCC_WARN_UNDECLARED_SELECTOR = YES;
				GCC_WARN_UNINITIALIZED_AUTOS = YES_AGGRESSIVE;
				GCC_WARN_UNUSED_FUNCTION = YES;
				GCC_WARN_UNUSED_VARIABLE = YES;
				IPHONEOS_DEPLOYMENT_TARGET = 15.4;
				MTL_ENABLE_DEBUG_INFO = NO;
				MTL_FAST_MATH = YES;
				SDKROOT = iphoneos;
				SWIFT_COMPILATION_MODE = wholemodule;
				SWIFT_OPTIMIZATION_LEVEL = "-O";
				VALIDATE_PRODUCT = YES;
			};
			name = Release;
		};
		F910CF31294DCEA10042AD94 /* Debug */ = {
			isa = XCBuildConfiguration;
			buildSettings = {
				ASSETCATALOG_COMPILER_APPICON_NAME = AppIcon;
				ASSETCATALOG_COMPILER_GLOBAL_ACCENT_COLOR_NAME = AccentColor;
				CODE_SIGN_STYLE = Automatic;
				CURRENT_PROJECT_VERSION = 1;
				DEVELOPMENT_ASSET_PATHS = "\"to-do-app/Preview Content\"";
				DEVELOPMENT_TEAM = 79GF8UH7G5;
				ENABLE_PREVIEWS = YES;
				GENERATE_INFOPLIST_FILE = YES;
				INFOPLIST_KEY_UIApplicationSceneManifest_Generation = YES;
				INFOPLIST_KEY_UIApplicationSupportsIndirectInputEvents = YES;
				INFOPLIST_KEY_UILaunchScreen_Generation = YES;
				INFOPLIST_KEY_UISupportedInterfaceOrientations_iPad = "UIInterfaceOrientationPortrait UIInterfaceOrientationPortraitUpsideDown UIInterfaceOrientationLandscapeLeft UIInterfaceOrientationLandscapeRight";
				INFOPLIST_KEY_UISupportedInterfaceOrientations_iPhone = "UIInterfaceOrientationPortrait UIInterfaceOrientationLandscapeLeft UIInterfaceOrientationLandscapeRight";
				LD_RUNPATH_SEARCH_PATHS = (
					"$(inherited)",
					"@executable_path/Frameworks",
				);
				MARKETING_VERSION = 1.0;
				PRODUCT_BUNDLE_IDENTIFIER = "askarali.to-do-app";
				PRODUCT_NAME = "$(TARGET_NAME)";
				SWIFT_EMIT_LOC_STRINGS = YES;
				SWIFT_VERSION = 5.0;
				TARGETED_DEVICE_FAMILY = "1,2";
			};
			name = Debug;
		};
		F910CF32294DCEA10042AD94 /* Release */ = {
			isa = XCBuildConfiguration;
			buildSettings = {
				ASSETCATALOG_COMPILER_APPICON_NAME = AppIcon;
				ASSETCATALOG_COMPILER_GLOBAL_ACCENT_COLOR_NAME = AccentColor;
				CODE_SIGN_STYLE = Automatic;
				CURRENT_PROJECT_VERSION = 1;
				DEVELOPMENT_ASSET_PATHS = "\"to-do-app/Preview Content\"";
				DEVELOPMENT_TEAM = 79GF8UH7G5;
				ENABLE_PREVIEWS = YES;
				GENERATE_INFOPLIST_FILE = YES;
				INFOPLIST_KEY_UIApplicationSceneManifest_Generation = YES;
				INFOPLIST_KEY_UIApplicationSupportsIndirectInputEvents = YES;
				INFOPLIST_KEY_UILaunchScreen_Generation = YES;
				INFOPLIST_KEY_UISupportedInterfaceOrientations_iPad = "UIInterfaceOrientationPortrait UIInterfaceOrientationPortraitUpsideDown UIInterfaceOrientationLandscapeLeft UIInterfaceOrientationLandscapeRight";
				INFOPLIST_KEY_UISupportedInterfaceOrientations_iPhone = "UIInterfaceOrientationPortrait UIInterfaceOrientationLandscapeLeft UIInterfaceOrientationLandscapeRight";
				LD_RUNPATH_SEARCH_PATHS = (
					"$(inherited)",
					"@executable_path/Frameworks",
				);
				MARKETING_VERSION = 1.0;
				PRODUCT_BUNDLE_IDENTIFIER = "askarali.to-do-app";
				PRODUCT_NAME = "$(TARGET_NAME)";
				SWIFT_EMIT_LOC_STRINGS = YES;
				SWIFT_VERSION = 5.0;
				TARGETED_DEVICE_FAMILY = "1,2";
			};
			name = Release;
		};
/* End XCBuildConfiguration section */

/* Begin XCConfigurationList section */
		F910CF1D294DCE9F0042AD94 /* Build configuration list for PBXProject "to-do-app" */ = {
			isa = XCConfigurationList;
			buildConfigurations = (
				F910CF2E294DCEA10042AD94 /* Debug */,
				F910CF2F294DCEA10042AD94 /* Release */,
			);
			defaultConfigurationIsVisible = 0;
			defaultConfigurationName = Release;
		};
		F910CF30294DCEA10042AD94 /* Build configuration list for PBXNativeTarget "to-do-app" */ = {
			isa = XCConfigurationList;
			buildConfigurations = (
				F910CF31294DCEA10042AD94 /* Debug */,
				F910CF32294DCEA10042AD94 /* Release */,
			);
			defaultConfigurationIsVisible = 0;
			defaultConfigurationName = Release;
		};
/* End XCConfigurationList section */
	};
	rootObject = F910CF1A294DCE9F0042AD94 /* Project object */;
}
